// !$*UTF8*$!
{
	archiveVersion = 1;
	classes = {
	};
	objectVersion = 55;
	objects = {

/* Begin PBXBuildFile section */
		717A4D5028CB35C900CE0FAD /* AppDelegate.swift in Sources */ = {isa = PBXBuildFile; fileRef = 717A4D4F28CB35C900CE0FAD /* AppDelegate.swift */; };
		717A4D5228CB35C900CE0FAD /* SceneDelegate.swift in Sources */ = {isa = PBXBuildFile; fileRef = 717A4D5128CB35C900CE0FAD /* SceneDelegate.swift */; };
		717A4D5428CB35C900CE0FAD /* ViewController.swift in Sources */ = {isa = PBXBuildFile; fileRef = 717A4D5328CB35C900CE0FAD /* ViewController.swift */; };
		717A4D5728CB35C900CE0FAD /* Main.storyboard in Resources */ = {isa = PBXBuildFile; fileRef = 717A4D5528CB35C900CE0FAD /* Main.storyboard */; };
		717A4D5928CB35CC00CE0FAD /* Assets.xcassets in Resources */ = {isa = PBXBuildFile; fileRef = 717A4D5828CB35CC00CE0FAD /* Assets.xcassets */; };
		717A4D5C28CB35CC00CE0FAD /* LaunchScreen.storyboard in Resources */ = {isa = PBXBuildFile; fileRef = 717A4D5A28CB35CC00CE0FAD /* LaunchScreen.storyboard */; };
		717A4D6528CB364C00CE0FAD /* Then in Frameworks */ = {isa = PBXBuildFile; productRef = 717A4D6428CB364C00CE0FAD /* Then */; };
		717A4D6828CB365800CE0FAD /* SnapKit in Frameworks */ = {isa = PBXBuildFile; productRef = 717A4D6728CB365800CE0FAD /* SnapKit */; };
		717A4D6A28CB367000CE0FAD /* ViewModel.swift in Sources */ = {isa = PBXBuildFile; fileRef = 717A4D6928CB367000CE0FAD /* ViewModel.swift */; };
		717A4D6D28CB373400CE0FAD /* UITextField+Extension.swift in Sources */ = {isa = PBXBuildFile; fileRef = 717A4D6C28CB373400CE0FAD /* UITextField+Extension.swift */; };
/* End PBXBuildFile section */

/* Begin PBXFileReference section */
		717A4D4C28CB35C900CE0FAD /* TextFieldDebounce.app */ = {isa = PBXFileReference; explicitFileType = wrapper.application; includeInIndex = 0; path = TextFieldDebounce.app; sourceTree = BUILT_PRODUCTS_DIR; };
		717A4D4F28CB35C900CE0FAD /* AppDelegate.swift */ = {isa = PBXFileReference; lastKnownFileType = sourcecode.swift; path = AppDelegate.swift; sourceTree = "<group>"; };
		717A4D5128CB35C900CE0FAD /* SceneDelegate.swift */ = {isa = PBXFileReference; lastKnownFileType = sourcecode.swift; path = SceneDelegate.swift; sourceTree = "<group>"; };
		717A4D5328CB35C900CE0FAD /* ViewController.swift */ = {isa = PBXFileReference; lastKnownFileType = sourcecode.swift; path = ViewController.swift; sourceTree = "<group>"; };
		717A4D5628CB35C900CE0FAD /* Base */ = {isa = PBXFileReference; lastKnownFileType = file.storyboard; name = Base; path = Base.lproj/Main.storyboard; sourceTree = "<group>"; };
		717A4D5828CB35CC00CE0FAD /* Assets.xcassets */ = {isa = PBXFileReference; lastKnownFileType = folder.assetcatalog; path = Assets.xcassets; sourceTree = "<group>"; };
		717A4D5B28CB35CC00CE0FAD /* Base */ = {isa = PBXFileReference; lastKnownFileType = file.storyboard; name = Base; path = Base.lproj/LaunchScreen.storyboard; sourceTree = "<group>"; };
		717A4D5D28CB35CC00CE0FAD /* Info.plist */ = {isa = PBXFileReference; lastKnownFileType = text.plist.xml; path = Info.plist; sourceTree = "<group>"; };
		717A4D6928CB367000CE0FAD /* ViewModel.swift */ = {isa = PBXFileReference; lastKnownFileType = sourcecode.swift; path = ViewModel.swift; sourceTree = "<group>"; };
		717A4D6C28CB373400CE0FAD /* UITextField+Extension.swift */ = {isa = PBXFileReference; lastKnownFileType = sourcecode.swift; path = "UITextField+Extension.swift"; sourceTree = "<group>"; };
/* End PBXFileReference section */

/* Begin PBXFrameworksBuildPhase section */
		717A4D4928CB35C900CE0FAD /* Frameworks */ = {
			isa = PBXFrameworksBuildPhase;
			buildActionMask = 2147483647;
			files = (
				717A4D6528CB364C00CE0FAD /* Then in Frameworks */,
				717A4D6828CB365800CE0FAD /* SnapKit in Frameworks */,
			);
			runOnlyForDeploymentPostprocessing = 0;
		};
/* End PBXFrameworksBuildPhase section */

/* Begin PBXGroup section */
		717A4D4328CB35C900CE0FAD = {
			isa = PBXGroup;
			children = (
				717A4D4E28CB35C900CE0FAD /* TextFieldDebounce */,
				717A4D4D28CB35C900CE0FAD /* Products */,
			);
			sourceTree = "<group>";
		};
		717A4D4D28CB35C900CE0FAD /* Products */ = {
			isa = PBXGroup;
			children = (
				717A4D4C28CB35C900CE0FAD /* TextFieldDebounce.app */,
			);
			name = Products;
			sourceTree = "<group>";
		};
		717A4D4E28CB35C900CE0FAD /* TextFieldDebounce */ = {
			isa = PBXGroup;
			children = (
				717A4D6B28CB372800CE0FAD /* Extension */,
				717A4D4F28CB35C900CE0FAD /* AppDelegate.swift */,
				717A4D5128CB35C900CE0FAD /* SceneDelegate.swift */,
				717A4D5328CB35C900CE0FAD /* ViewController.swift */,
				717A4D5528CB35C900CE0FAD /* Main.storyboard */,
				717A4D5828CB35CC00CE0FAD /* Assets.xcassets */,
				717A4D5A28CB35CC00CE0FAD /* LaunchScreen.storyboard */,
				717A4D5D28CB35CC00CE0FAD /* Info.plist */,
				717A4D6928CB367000CE0FAD /* ViewModel.swift */,
			);
			path = TextFieldDebounce;
			sourceTree = "<group>";
		};
		717A4D6B28CB372800CE0FAD /* Extension */ = {
			isa = PBXGroup;
			children = (
				717A4D6C28CB373400CE0FAD /* UITextField+Extension.swift */,
			);
			path = Extension;
			sourceTree = "<group>";
		};
/* End PBXGroup section */

/* Begin PBXNativeTarget section */
		717A4D4B28CB35C900CE0FAD /* TextFieldDebounce */ = {
			isa = PBXNativeTarget;
			buildConfigurationList = 717A4D6028CB35CC00CE0FAD /* Build configuration list for PBXNativeTarget "TextFieldDebounce" */;
			buildPhases = (
				717A4D4828CB35C900CE0FAD /* Sources */,
				717A4D4928CB35C900CE0FAD /* Frameworks */,
				717A4D4A28CB35C900CE0FAD /* Resources */,
			);
			buildRules = (
			);
			dependencies = (
			);
			name = TextFieldDebounce;
			packageProductDependencies = (
				717A4D6428CB364C00CE0FAD /* Then */,
				717A4D6728CB365800CE0FAD /* SnapKit */,
			);
			productName = TextFieldDebounce;
			productReference = 717A4D4C28CB35C900CE0FAD /* TextFieldDebounce.app */;
			productType = "com.apple.product-type.application";
		};
/* End PBXNativeTarget section */

/* Begin PBXProject section */
		717A4D4428CB35C900CE0FAD /* Project object */ = {
			isa = PBXProject;
			attributes = {
				BuildIndependentTargetsInParallel = 1;
				LastSwiftUpdateCheck = 1340;
				LastUpgradeCheck = 1340;
				TargetAttributes = {
					717A4D4B28CB35C900CE0FAD = {
						CreatedOnToolsVersion = 13.4.1;
					};
				};
			};
			buildConfigurationList = 717A4D4728CB35C900CE0FAD /* Build configuration list for PBXProject "TextFieldDebounce" */;
			compatibilityVersion = "Xcode 13.0";
			developmentRegion = en;
			hasScannedForEncodings = 0;
			knownRegions = (
				en,
				Base,
			);
			mainGroup = 717A4D4328CB35C900CE0FAD;
			packageReferences = (
				717A4D6328CB364C00CE0FAD /* XCRemoteSwiftPackageReference "Then" */,
				717A4D6628CB365800CE0FAD /* XCRemoteSwiftPackageReference "SnapKit" */,
			);
			productRefGroup = 717A4D4D28CB35C900CE0FAD /* Products */;
			projectDirPath = "";
			projectRoot = "";
			targets = (
				717A4D4B28CB35C900CE0FAD /* TextFieldDebounce */,
			);
		};
/* End PBXProject section */

/* Begin PBXResourcesBuildPhase section */
		717A4D4A28CB35C900CE0FAD /* Resources */ = {
			isa = PBXResourcesBuildPhase;
			buildActionMask = 2147483647;
			files = (
				717A4D5C28CB35CC00CE0FAD /* LaunchScreen.storyboard in Resources */,
				717A4D5928CB35CC00CE0FAD /* Assets.xcassets in Resources */,
				717A4D5728CB35C900CE0FAD /* Main.storyboard in Resources */,
			);
			runOnlyForDeploymentPostprocessing = 0;
		};
/* End PBXResourcesBuildPhase section */

/* Begin PBXSourcesBuildPhase section */
		717A4D4828CB35C900CE0FAD /* Sources */ = {
			isa = PBXSourcesBuildPhase;
			buildActionMask = 2147483647;
			files = (
				717A4D6D28CB373400CE0FAD /* UITextField+Extension.swift in Sources */,
				717A4D5428CB35C900CE0FAD /* ViewController.swift in Sources */,
				717A4D5028CB35C900CE0FAD /* AppDelegate.swift in Sources */,
				717A4D6A28CB367000CE0FAD /* ViewModel.swift in Sources */,
				717A4D5228CB35C900CE0FAD /* SceneDelegate.swift in Sources */,
			);
			runOnlyForDeploymentPostprocessing = 0;
		};
/* End PBXSourcesBuildPhase section */

/* Begin PBXVariantGroup section */
		717A4D5528CB35C900CE0FAD /* Main.storyboard */ = {
			isa = PBXVariantGroup;
			children = (
				717A4D5628CB35C900CE0FAD /* Base */,
			);
			name = Main.storyboard;
			sourceTree = "<group>";
		};
		717A4D5A28CB35CC00CE0FAD /* LaunchScreen.storyboard */ = {
			isa = PBXVariantGroup;
			children = (
				717A4D5B28CB35CC00CE0FAD /* Base */,
			);
			name = LaunchScreen.storyboard;
			sourceTree = "<group>";
		};
/* End PBXVariantGroup section */

/* Begin XCBuildConfiguration section */
		717A4D5E28CB35CC00CE0FAD /* Debug */ = {
			isa = XCBuildConfiguration;
			buildSettings = {
				ALWAYS_SEARCH_USER_PATHS = NO;
				CLANG_ANALYZER_NONNULL = YES;
				CLANG_ANALYZER_NUMBER_OBJECT_CONVERSION = YES_AGGRESSIVE;
				CLANG_CXX_LANGUAGE_STANDARD = "gnu++17";
				CLANG_ENABLE_MODULES = YES;
				CLANG_ENABLE_OBJC_ARC = YES;
				CLANG_ENABLE_OBJC_WEAK = YES;
				CLANG_WARN_BLOCK_CAPTURE_AUTORELEASING = YES;
				CLANG_WARN_BOOL_CONVERSION = YES;
				CLANG_WARN_COMMA = YES;
				CLANG_WARN_CONSTANT_CONVERSION = YES;
				CLANG_WARN_DEPRECATED_OBJC_IMPLEMENTATIONS = YES;
				CLANG_WARN_DIRECT_OBJC_ISA_USAGE = YES_ERROR;
				CLANG_WARN_DOCUMENTATION_COMMENTS = YES;
				CLANG_WARN_EMPTY_BODY = YES;
				CLANG_WARN_ENUM_CONVERSION = YES;
				CLANG_WARN_INFINITE_RECURSION = YES;
				CLANG_WARN_INT_CONVERSION = YES;
				CLANG_WARN_NON_LITERAL_NULL_CONVERSION = YES;
				CLANG_WARN_OBJC_IMPLICIT_RETAIN_SELF = YES;
				CLANG_WARN_OBJC_LITERAL_CONVERSION = YES;
				CLANG_WARN_OBJC_ROOT_CLASS = YES_ERROR;
				CLANG_WARN_QUOTED_INCLUDE_IN_FRAMEWORK_HEADER = YES;
				CLANG_WARN_RANGE_LOOP_ANALYSIS = YES;
				CLANG_WARN_STRICT_PROTOTYPES = YES;
				CLANG_WARN_SUSPICIOUS_MOVE = YES;
				CLANG_WARN_UNGUARDED_AVAILABILITY = YES_AGGRESSIVE;
				CLANG_WARN_UNREACHABLE_CODE = YES;
				CLANG_WARN__DUPLICATE_METHOD_MATCH = YES;
				COPY_PHASE_STRIP = NO;
				DEBUG_INFORMATION_FORMAT = dwarf;
				ENABLE_STRICT_OBJC_MSGSEND = YES;
				ENABLE_TESTABILITY = YES;
				GCC_C_LANGUAGE_STANDARD = gnu11;
				GCC_DYNAMIC_NO_PIC = NO;
				GCC_NO_COMMON_BLOCKS = YES;
				GCC_OPTIMIZATION_LEVEL = 0;
				GCC_PREPROCESSOR_DEFINITIONS = (
					"DEBUG=1",
					"$(inherited)",
				);
				GCC_WARN_64_TO_32_BIT_CONVERSION = YES;
				GCC_WARN_ABOUT_RETURN_TYPE = YES_ERROR;
				GCC_WARN_UNDECLARED_SELECTOR = YES;
				GCC_WARN_UNINITIALIZED_AUTOS = YES_AGGRESSIVE;
				GCC_WARN_UNUSED_FUNCTION = YES;
				GCC_WARN_UNUSED_VARIABLE = YES;
				IPHONEOS_DEPLOYMENT_TARGET = 15.5;
				MTL_ENABLE_DEBUG_INFO = INCLUDE_SOURCE;
				MTL_FAST_MATH = YES;
				ONLY_ACTIVE_ARCH = YES;
				SDKROOT = iphoneos;
				SWIFT_ACTIVE_COMPILATION_CONDITIONS = DEBUG;
				SWIFT_OPTIMIZATION_LEVEL = "-Onone";
			};
			name = Debug;
		};
		717A4D5F28CB35CC00CE0FAD /* Release */ = {
			isa = XCBuildConfiguration;
			buildSettings = {
				ALWAYS_SEARCH_USER_PATHS = NO;
				CLANG_ANALYZER_NONNULL = YES;
				CLANG_ANALYZER_NUMBER_OBJECT_CONVERSION = YES_AGGRESSIVE;
				CLANG_CXX_LANGUAGE_STANDARD = "gnu++17";
				CLANG_ENABLE_MODULES = YES;
				CLANG_ENABLE_OBJC_ARC = YES;
				CLANG_ENABLE_OBJC_WEAK = YES;
				CLANG_WARN_BLOCK_CAPTURE_AUTORELEASING = YES;
				CLANG_WARN_BOOL_CONVERSION = YES;
				CLANG_WARN_COMMA = YES;
				CLANG_WARN_CONSTANT_CONVERSION = YES;
				CLANG_WARN_DEPRECATED_OBJC_IMPLEMENTATIONS = YES;
				CLANG_WARN_DIRECT_OBJC_ISA_USAGE = YES_ERROR;
				CLANG_WARN_DOCUMENTATION_COMMENTS = YES;
				CLANG_WARN_EMPTY_BODY = YES;
				CLANG_WARN_ENUM_CONVERSION = YES;
				CLANG_WARN_INFINITE_RECURSION = YES;
				CLANG_WARN_INT_CONVERSION = YES;
				CLANG_WARN_NON_LITERAL_NULL_CONVERSION = YES;
				CLANG_WARN_OBJC_IMPLICIT_RETAIN_SELF = YES;
				CLANG_WARN_OBJC_LITERAL_CONVERSION = YES;
				CLANG_WARN_OBJC_ROOT_CLASS = YES_ERROR;
				CLANG_WARN_QUOTED_INCLUDE_IN_FRAMEWORK_HEADER = YES;
				CLANG_WARN_RANGE_LOOP_ANALYSIS = YES;
				CLANG_WARN_STRICT_PROTOTYPES = YES;
				CLANG_WARN_SUSPICIOUS_MOVE = YES;
				CLANG_WARN_UNGUARDED_AVAILABILITY = YES_AGGRESSIVE;
				CLANG_WARN_UNREACHABLE_CODE = YES;
				CLANG_WARN__DUPLICATE_METHOD_MATCH = YES;
				COPY_PHASE_STRIP = NO;
				DEBUG_INFORMATION_FORMAT = "dwarf-with-dsym";
				ENABLE_NS_ASSERTIONS = NO;
				ENABLE_STRICT_OBJC_MSGSEND = YES;
				GCC_C_LANGUAGE_STANDARD = gnu11;
				GCC_NO_COMMON_BLOCKS = YES;
				GCC_WARN_64_TO_32_BIT_CONVERSION = YES;
				GCC_WARN_ABOUT_RETURN_TYPE = YES_ERROR;
				GCC_WARN_UNDECLARED_SELECTOR = YES;
				GCC_WARN_UNINITIALIZED_AUTOS = YES_AGGRESSIVE;
				GCC_WARN_UNUSED_FUNCTION = YES;
				GCC_WARN_UNUSED_VARIABLE = YES;
				IPHONEOS_DEPLOYMENT_TARGET = 15.5;
				MTL_ENABLE_DEBUG_INFO = NO;
				MTL_FAST_MATH = YES;
				SDKROOT = iphoneos;
				SWIFT_COMPILATION_MODE = wholemodule;
				SWIFT_OPTIMIZATION_LEVEL = "-O";
				VALIDATE_PRODUCT = YES;
			};
			name = Release;
		};
		717A4D6128CB35CC00CE0FAD /* Debug */ = {
			isa = XCBuildConfiguration;
			buildSettings = {
				ASSETCATALOG_COMPILER_APPICON_NAME = AppIcon;
				ASSETCATALOG_COMPILER_GLOBAL_ACCENT_COLOR_NAME = AccentColor;
				CODE_SIGN_STYLE = Automatic;
				CURRENT_PROJECT_VERSION = 1;
				DEVELOPMENT_TEAM = 792N87PWZU;
				GENERATE_INFOPLIST_FILE = YES;
				INFOPLIST_FILE = TextFieldDebounce/Info.plist;
				INFOPLIST_KEY_UIApplicationSupportsIndirectInputEvents = YES;
				INFOPLIST_KEY_UILaunchStoryboardName = LaunchScreen;
				INFOPLIST_KEY_UIMainStoryboardFile = Main;
				INFOPLIST_KEY_UISupportedInterfaceOrientations_iPad = "UIInterfaceOrientationPortrait UIInterfaceOrientationPortraitUpsideDown UIInterfaceOrientationLandscapeLeft UIInterfaceOrientationLandscapeRight";
				INFOPLIST_KEY_UISupportedInterfaceOrientations_iPhone = "UIInterfaceOrientationPortrait UIInterfaceOrientationLandscapeLeft UIInterfaceOrientationLandscapeRight";
				LD_RUNPATH_SEARCH_PATHS = (
					"$(inherited)",
					"@executable_path/Frameworks",
				);
				MARKETING_VERSION = 1.0;
				PRODUCT_BUNDLE_IDENTIFIER = com.mnis.TextFieldDebounce;
				PRODUCT_NAME = "$(TARGET_NAME)";
				SWIFT_EMIT_LOC_STRINGS = YES;
				SWIFT_VERSION = 5.0;
				TARGETED_DEVICE_FAMILY = "1,2";
			};
			name = Debug;
		};
		717A4D6228CB35CC00CE0FAD /* Release */ = {
			isa = XCBuildConfiguration;
			buildSettings = {
				ASSETCATALOG_COMPILER_APPICON_NAME = AppIcon;
				ASSETCATALOG_COMPILER_GLOBAL_ACCENT_COLOR_NAME = AccentColor;
				CODE_SIGN_STYLE = Automatic;
				CURRENT_PROJECT_VERSION = 1;
				DEVELOPMENT_TEAM = 792N87PWZU;
				GENERATE_INFOPLIST_FILE = YES;
				INFOPLIST_FILE = TextFieldDebounce/Info.plist;
				INFOPLIST_KEY_UIApplicationSupportsIndirectInputEvents = YES;
				INFOPLIST_KEY_UILaunchStoryboardName = LaunchScreen;
				INFOPLIST_KEY_UIMainStoryboardFile = Main;
				INFOPLIST_KEY_UISupportedInterfaceOrientations_iPad = "UIInterfaceOrientationPortrait UIInterfaceOrientationPortraitUpsideDown UIInterfaceOrientationLandscapeLeft UIInterfaceOrientationLandscapeRight";
				INFOPLIST_KEY_UISupportedInterfaceOrientations_iPhone = "UIInterfaceOrientationPortrait UIInterfaceOrientationLandscapeLeft UIInterfaceOrientationLandscapeRight";
				LD_RUNPATH_SEARCH_PATHS = (
					"$(inherited)",
					"@executable_path/Frameworks",
				);
				MARKETING_VERSION = 1.0;
				PRODUCT_BUNDLE_IDENTIFIER = com.mnis.TextFieldDebounce;
				PRODUCT_NAME = "$(TARGET_NAME)";
				SWIFT_EMIT_LOC_STRINGS = YES;
				SWIFT_VERSION = 5.0;
				TARGETED_DEVICE_FAMILY = "1,2";
			};
			name = Release;
		};
/* End XCBuildConfiguration section */

/* Begin XCConfigurationList section */
		717A4D4728CB35C900CE0FAD /* Build configuration list for PBXProject "TextFieldDebounce" */ = {
			isa = XCConfigurationList;
			buildConfigurations = (
				717A4D5E28CB35CC00CE0FAD /* Debug */,
				717A4D5F28CB35CC00CE0FAD /* Release */,
			);
			defaultConfigurationIsVisible = 0;
			defaultConfigurationName = Release;
		};
		717A4D6028CB35CC00CE0FAD /* Build configuration list for PBXNativeTarget "TextFieldDebounce" */ = {
			isa = XCConfigurationList;
			buildConfigurations = (
				717A4D6128CB35CC00CE0FAD /* Debug */,
				717A4D6228CB35CC00CE0FAD /* Release */,
			);
			defaultConfigurationIsVisible = 0;
			defaultConfigurationName = Release;
		};
/* End XCConfigurationList section */

/* Begin XCRemoteSwiftPackageReference section */
		717A4D6328CB364C00CE0FAD /* XCRemoteSwiftPackageReference "Then" */ = {
			isa = XCRemoteSwiftPackageReference;
			repositoryURL = "https://github.com/devxoul/Then";
			requirement = {
				branch = master;
				kind = branch;
			};
		};
		717A4D6628CB365800CE0FAD /* XCRemoteSwiftPackageReference "SnapKit" */ = {
			isa = XCRemoteSwiftPackageReference;
			repositoryURL = "https://github.com/SnapKit/SnapKit.git";
			requirement = {
				branch = develop;
				kind = branch;
			};
		};
/* End XCRemoteSwiftPackageReference section */

/* Begin XCSwiftPackageProductDependency section */
		717A4D6428CB364C00CE0FAD /* Then */ = {
			isa = XCSwiftPackageProductDependency;
			package = 717A4D6328CB364C00CE0FAD /* XCRemoteSwiftPackageReference "Then" */;
			productName = Then;
		};
		717A4D6728CB365800CE0FAD /* SnapKit */ = {
			isa = XCSwiftPackageProductDependency;
			package = 717A4D6628CB365800CE0FAD /* XCRemoteSwiftPackageReference "SnapKit" */;
			productName = SnapKit;
		};
/* End XCSwiftPackageProductDependency section */
	};
	rootObject = 717A4D4428CB35C900CE0FAD /* Project object */;
}
